
Microsoft Visual Studio Solution File, Format Version 12.00
# Visual Studio 15
VisualStudioVersion = 15.0.26124.0
MinimumVisualStudioVersion = 15.0.26124.0
Project("{FAE04EC0-301F-11D3-BF4B-00C04F79EFBC}") = "WebApp", "WebApp\WebApp.csproj", "{BB35EB3D-EE78-46FA-B246-0A8068F5FBEA}"
EndProject
Project("{FAE04EC0-301F-11D3-BF4B-00C04F79EFBC}") = "DataAccess", "DataAccess\DataAccess.csproj", "{6882E840-AAAE-4213-A8D1-810700B7C374}"
EndProject
Project("{FAE04EC0-301F-11D3-BF4B-00C04F79EFBC}") = "DomainModel", "DomainModel\DomainModel.csproj", "{B89B0E61-25FF-4F1F-A575-DCE101F1F84C}"
EndProject
Project("{FAE04EC0-301F-11D3-BF4B-00C04F79EFBC}") = "DomainService", "DomainService\DomainService.csproj", "{49F1D916-0B01-4C7A-ADE8-A10AD91DBC59}"
EndProject
Global
	GlobalSection(SolutionConfigurationPlatforms) = preSolution
		Debug|Any CPU = Debug|Any CPU
		Debug|x64 = Debug|x64
		Debug|x86 = Debug|x86
		Release|Any CPU = Release|Any CPU
		Release|x64 = Release|x64
		Release|x86 = Release|x86
	EndGlobalSection
	GlobalSection(SolutionProperties) = preSolution
		HideSolutionNode = FALSE
	EndGlobalSection
	GlobalSection(ProjectConfigurationPlatforms) = postSolution
		{BB35EB3D-EE78-46FA-B246-0A8068F5FBEA}.Debug|Any CPU.ActiveCfg = Debug|Any CPU
		{BB35EB3D-EE78-46FA-B246-0A8068F5FBEA}.Debug|Any CPU.Build.0 = Debug|Any CPU
		{BB35EB3D-EE78-46FA-B246-0A8068F5FBEA}.Debug|x64.ActiveCfg = Debug|Any CPU
		{BB35EB3D-EE78-46FA-B246-0A8068F5FBEA}.Debug|x64.Build.0 = Debug|Any CPU
		{BB35EB3D-EE78-46FA-B246-0A8068F5FBEA}.Debug|x86.ActiveCfg = Debug|Any CPU
		{BB35EB3D-EE78-46FA-B246-0A8068F5FBEA}.Debug|x86.Build.0 = Debug|Any CPU
		{BB35EB3D-EE78-46FA-B246-0A8068F5FBEA}.Release|Any CPU.ActiveCfg = Release|Any CPU
		{BB35EB3D-EE78-46FA-B246-0A8068F5FBEA}.Release|Any CPU.Build.0 = Release|Any CPU
		{BB35EB3D-EE78-46FA-B246-0A8068F5FBEA}.Release|x64.ActiveCfg = Release|Any CPU
		{BB35EB3D-EE78-46FA-B246-0A8068F5FBEA}.Release|x64.Build.0 = Release|Any CPU
		{BB35EB3D-EE78-46FA-B246-0A8068F5FBEA}.Release|x86.ActiveCfg = Release|Any CPU
		{BB35EB3D-EE78-46FA-B246-0A8068F5FBEA}.Release|x86.Build.0 = Release|Any CPU
		{6882E840-AAAE-4213-A8D1-810700B7C374}.Debug|Any CPU.ActiveCfg = Debug|Any CPU
		{6882E840-AAAE-4213-A8D1-810700B7C374}.Debug|Any CPU.Build.0 = Debug|Any CPU
		{6882E840-AAAE-4213-A8D1-810700B7C374}.Debug|x64.ActiveCfg = Debug|Any CPU
		{6882E840-AAAE-4213-A8D1-810700B7C374}.Debug|x64.Build.0 = Debug|Any CPU
		{6882E840-AAAE-4213-A8D1-810700B7C374}.Debug|x86.ActiveCfg = Debug|Any CPU
		{6882E840-AAAE-4213-A8D1-810700B7C374}.Debug|x86.Build.0 = Debug|Any CPU
		{6882E840-AAAE-4213-A8D1-810700B7C374}.Release|Any CPU.ActiveCfg = Release|Any CPU
		{6882E840-AAAE-4213-A8D1-810700B7C374}.Release|Any CPU.Build.0 = Release|Any CPU
		{6882E840-AAAE-4213-A8D1-810700B7C374}.Release|x64.ActiveCfg = Release|Any CPU
		{6882E840-AAAE-4213-A8D1-810700B7C374}.Release|x64.Build.0 = Release|Any CPU
		{6882E840-AAAE-4213-A8D1-810700B7C374}.Release|x86.ActiveCfg = Release|Any CPU
		{6882E840-AAAE-4213-A8D1-810700B7C374}.Release|x86.Build.0 = Release|Any CPU
		{B89B0E61-25FF-4F1F-A575-DCE101F1F84C}.Debug|Any CPU.ActiveCfg = Debug|Any CPU
		{B89B0E61-25FF-4F1F-A575-DCE101F1F84C}.Debug|Any CPU.Build.0 = Debug|Any CPU
		{B89B0E61-25FF-4F1F-A575-DCE101F1F84C}.Debug|x64.ActiveCfg = Debug|Any CPU
		{B89B0E61-25FF-4F1F-A575-DCE101F1F84C}.Debug|x64.Build.0 = Debug|Any CPU
		{B89B0E61-25FF-4F1F-A575-DCE101F1F84C}.Debug|x86.ActiveCfg = Debug|Any CPU
		{B89B0E61-25FF-4F1F-A575-DCE101F1F84C}.Debug|x86.Build.0 = Debug|Any CPU
		{B89B0E61-25FF-4F1F-A575-DCE101F1F84C}.Release|Any CPU.ActiveCfg = Release|Any CPU
		{B89B0E61-25FF-4F1F-A575-DCE101F1F84C}.Release|Any CPU.Build.0 = Release|Any CPU
		{B89B0E61-25FF-4F1F-A575-DCE101F1F84C}.Release|x64.ActiveCfg = Release|Any CPU
		{B89B0E61-25FF-4F1F-A575-DCE101F1F84C}.Release|x64.Build.0 = Release|Any CPU
		{B89B0E61-25FF-4F1F-A575-DCE101F1F84C}.Release|x86.ActiveCfg = Release|Any CPU
		{B89B0E61-25FF-4F1F-A575-DCE101F1F84C}.Release|x86.Build.0 = Release|Any CPU
		{49F1D916-0B01-4C7A-ADE8-A10AD91DBC59}.Debug|Any CPU.ActiveCfg = Debug|Any CPU
		{49F1D916-0B01-4C7A-ADE8-A10AD91DBC59}.Debug|Any CPU.Build.0 = Debug|Any CPU
		{49F1D916-0B01-4C7A-ADE8-A10AD91DBC59}.Debug|x64.ActiveCfg = Debug|Any CPU
		{49F1D916-0B01-4C7A-ADE8-A10AD91DBC59}.Debug|x64.Build.0 = Debug|Any CPU
		{49F1D916-0B01-4C7A-ADE8-A10AD91DBC59}.Debug|x86.ActiveCfg = Debug|Any CPU
		{49F1D916-0B01-4C7A-ADE8-A10AD91DBC59}.Debug|x86.Build.0 = Debug|Any CPU
		{49F1D916-0B01-4C7A-ADE8-A10AD91DBC59}.Release|Any CPU.ActiveCfg = Release|Any CPU
		{49F1D916-0B01-4C7A-ADE8-A10AD91DBC59}.Release|Any CPU.Build.0 = Release|Any CPU
		{49F1D916-0B01-4C7A-ADE8-A10AD91DBC59}.Release|x64.ActiveCfg = Release|Any CPU
		{49F1D916-0B01-4C7A-ADE8-A10AD91DBC59}.Release|x64.Build.0 = Release|Any CPU
		{49F1D916-0B01-4C7A-ADE8-A10AD91DBC59}.Release|x86.ActiveCfg = Release|Any CPU
		{49F1D916-0B01-4C7A-ADE8-A10AD91DBC59}.Release|x86.Build.0 = Release|Any CPU
	EndGlobalSection
EndGlobal
